
Microsoft Visual Studio Solution File, Format Version 12.00
# Visual Studio Version 16
VisualStudioVersion = 16.0.30114.105
MinimumVisualStudioVersion = 10.0.40219.1
Project("{2150E333-8FDC-42A3-9474-1A3956D46DE8}") = "src", "src", "{AEB9344C-7222-46D1-91FE-24BB286DE1F4}"
EndProject
Project("{F2A71F9B-5D33-465A-A702-920D77279786}") = "Flox", "src\Flox\Flox.fsproj", "{D589C490-5219-492F-97AE-EDAB4B7C7091}"
EndProject
Global
	GlobalSection(SolutionConfigurationPlatforms) = preSolution
		Debug|Any CPU = Debug|Any CPU
		Release|Any CPU = Release|Any CPU
	EndGlobalSection
	GlobalSection(SolutionProperties) = preSolution
		HideSolutionNode = FALSE
	EndGlobalSection
	GlobalSection(ProjectConfigurationPlatforms) = postSolution
		{D589C490-5219-492F-97AE-EDAB4B7C7091}.Debug|Any CPU.ActiveCfg = Debug|Any CPU
		{D589C490-5219-492F-97AE-EDAB4B7C7091}.Debug|Any CPU.Build.0 = Debug|Any CPU
		{D589C490-5219-492F-97AE-EDAB4B7C7091}.Release|Any CPU.ActiveCfg = Release|Any CPU
		{D589C490-5219-492F-97AE-EDAB4B7C7091}.Release|Any CPU.Build.0 = Release|Any CPU
	EndGlobalSection
	GlobalSection(NestedProjects) = preSolution
		{D589C490-5219-492F-97AE-EDAB4B7C7091} = {AEB9344C-7222-46D1-91FE-24BB286DE1F4}
	EndGlobalSection
EndGlobal
